
Microsoft Visual Studio Solution File, Format Version 12.00
# Visual Studio 14
VisualStudioVersion = 14.0.25420.1
MinimumVisualStudioVersion = 10.0.40219.1
Project("{FAE04EC0-301F-11D3-BF4B-00C04F79EFBC}") = "ContructorSample001", "ContructorSample001\ContructorSample001.csproj", "{EE2703FB-2BC2-48E5-9475-4B9062B3F872}"
EndProject
Project("{FAE04EC0-301F-11D3-BF4B-00C04F79EFBC}") = "ContructorSample002", "ContructorSample002\ContructorSample002.csproj", "{E11C6DF3-107F-4C88-A902-B30AA201189F}"
EndProject
Global
	GlobalSection(SolutionConfigurationPlatforms) = preSolution
		Debug|Any CPU = Debug|Any CPU
		Release|Any CPU = Release|Any CPU
	EndGlobalSection
	GlobalSection(ProjectConfigurationPlatforms) = postSolution
		{EE2703FB-2BC2-48E5-9475-4B9062B3F872}.Debug|Any CPU.ActiveCfg = Debug|Any CPU
		{EE2703FB-2BC2-48E5-9475-4B9062B3F872}.Debug|Any CPU.Build.0 = Debug|Any CPU
		{EE2703FB-2BC2-48E5-9475-4B9062B3F872}.Release|Any CPU.ActiveCfg = Release|Any CPU
		{EE2703FB-2BC2-48E5-9475-4B9062B3F872}.Release|Any CPU.Build.0 = Release|Any CPU
		{E11C6DF3-107F-4C88-A902-B30AA201189F}.Debug|Any CPU.ActiveCfg = Debug|Any CPU
		{E11C6DF3-107F-4C88-A902-B30AA201189F}.Debug|Any CPU.Build.0 = Debug|Any CPU
		{E11C6DF3-107F-4C88-A902-B30AA201189F}.Release|Any CPU.ActiveCfg = Release|Any CPU
		{E11C6DF3-107F-4C88-A902-B30AA201189F}.Release|Any CPU.Build.0 = Release|Any CPU
	EndGlobalSection
	GlobalSection(SolutionProperties) = preSolution
		HideSolutionNode = FALSE
	EndGlobalSection
EndGlobal
